
Microsoft Visual Studio Solution File, Format Version 12.00
# Visual Studio 15
VisualStudioVersion = 15.0.26228.9
MinimumVisualStudioVersion = 15.0.26124.0
Project("{2150E333-8FDC-42A3-9474-1A3956D46DE8}") = "src", "src", "{4A65F74D-934A-493B-8EE7-C0BCB1EF0194}"
EndProject
Project("{9A19103F-16F7-4668-BE54-9A1E7A4F7556}") = "SamlOida", "src\SamlOida\SamlOida.csproj", "{2C89BE43-F391-4E65-911B-A3E1E59FCA94}"
EndProject
Project("{2150E333-8FDC-42A3-9474-1A3956D46DE8}") = "test", "test", "{A7D3C219-C75D-4FBC-B06A-1A47ECFF69BA}"
EndProject
Project("{9A19103F-16F7-4668-BE54-9A1E7A4F7556}") = "SamlOida.Test", "test\SamlOida.Test\SamlOida.Test.csproj", "{D4E7A60A-3E8C-4776-81F3-E7B6B1D2EF24}"
EndProject
Project("{2150E333-8FDC-42A3-9474-1A3956D46DE8}") = "Solution Items", "Solution Items", "{B178B157-710E-456A-9888-D9EA95A5622E}"
	ProjectSection(SolutionItems) = preProject
		.gitignore = .gitignore
		appveyor.yml = appveyor.yml
		CodeAnalysis.props = CodeAnalysis.props
		CodeAnalysis.ruleset = CodeAnalysis.ruleset
		CodeCoverage.props = CodeCoverage.props
		CodeCoverage.targets = CodeCoverage.targets
		CONTRIBUTING.md = CONTRIBUTING.md
		LICENSE = LICENSE
		README.md = README.md
	EndProjectSection
EndProject
Project("{9A19103F-16F7-4668-BE54-9A1E7A4F7556}") = "SamlOida.FakeIdp", "test\SamlOida.FakeIdp\SamlOida.FakeIdp.csproj", "{59D85471-59B5-470B-AD37-A22DE880CEE1}"
EndProject
Project("{2150E333-8FDC-42A3-9474-1A3956D46DE8}") = "samples", "samples", "{4F7D60DD-31A5-4017-9DB3-C915A6FA3939}"
EndProject
Project("{9A19103F-16F7-4668-BE54-9A1E7A4F7556}") = "SamlOida.Web", "samples\SamlOida.Web\SamlOida.Web.csproj", "{30B8F057-139A-4370-9FF1-48F59E2E3B0C}"
EndProject
Global
	GlobalSection(SolutionConfigurationPlatforms) = preSolution
		Debug|Any CPU = Debug|Any CPU
		Debug|x64 = Debug|x64
		Debug|x86 = Debug|x86
		Release|Any CPU = Release|Any CPU
		Release|x64 = Release|x64
		Release|x86 = Release|x86
	EndGlobalSection
	GlobalSection(ProjectConfigurationPlatforms) = postSolution
		{2C89BE43-F391-4E65-911B-A3E1E59FCA94}.Debug|Any CPU.ActiveCfg = Debug|Any CPU
		{2C89BE43-F391-4E65-911B-A3E1E59FCA94}.Debug|Any CPU.Build.0 = Debug|Any CPU
		{2C89BE43-F391-4E65-911B-A3E1E59FCA94}.Debug|x64.ActiveCfg = Debug|Any CPU
		{2C89BE43-F391-4E65-911B-A3E1E59FCA94}.Debug|x64.Build.0 = Debug|Any CPU
		{2C89BE43-F391-4E65-911B-A3E1E59FCA94}.Debug|x86.ActiveCfg = Debug|Any CPU
		{2C89BE43-F391-4E65-911B-A3E1E59FCA94}.Debug|x86.Build.0 = Debug|Any CPU
		{2C89BE43-F391-4E65-911B-A3E1E59FCA94}.Release|Any CPU.ActiveCfg = Release|Any CPU
		{2C89BE43-F391-4E65-911B-A3E1E59FCA94}.Release|Any CPU.Build.0 = Release|Any CPU
		{2C89BE43-F391-4E65-911B-A3E1E59FCA94}.Release|x64.ActiveCfg = Release|Any CPU
		{2C89BE43-F391-4E65-911B-A3E1E59FCA94}.Release|x64.Build.0 = Release|Any CPU
		{2C89BE43-F391-4E65-911B-A3E1E59FCA94}.Release|x86.ActiveCfg = Release|Any CPU
		{2C89BE43-F391-4E65-911B-A3E1E59FCA94}.Release|x86.Build.0 = Release|Any CPU
		{D4E7A60A-3E8C-4776-81F3-E7B6B1D2EF24}.Debug|Any CPU.ActiveCfg = Debug|Any CPU
		{D4E7A60A-3E8C-4776-81F3-E7B6B1D2EF24}.Debug|Any CPU.Build.0 = Debug|Any CPU
		{D4E7A60A-3E8C-4776-81F3-E7B6B1D2EF24}.Debug|x64.ActiveCfg = Debug|Any CPU
		{D4E7A60A-3E8C-4776-81F3-E7B6B1D2EF24}.Debug|x64.Build.0 = Debug|Any CPU
		{D4E7A60A-3E8C-4776-81F3-E7B6B1D2EF24}.Debug|x86.ActiveCfg = Debug|Any CPU
		{D4E7A60A-3E8C-4776-81F3-E7B6B1D2EF24}.Debug|x86.Build.0 = Debug|Any CPU
		{D4E7A60A-3E8C-4776-81F3-E7B6B1D2EF24}.Release|Any CPU.ActiveCfg = Release|Any CPU
		{D4E7A60A-3E8C-4776-81F3-E7B6B1D2EF24}.Release|Any CPU.Build.0 = Release|Any CPU
		{D4E7A60A-3E8C-4776-81F3-E7B6B1D2EF24}.Release|x64.ActiveCfg = Release|Any CPU
		{D4E7A60A-3E8C-4776-81F3-E7B6B1D2EF24}.Release|x64.Build.0 = Release|Any CPU
		{D4E7A60A-3E8C-4776-81F3-E7B6B1D2EF24}.Release|x86.ActiveCfg = Release|Any CPU
		{D4E7A60A-3E8C-4776-81F3-E7B6B1D2EF24}.Release|x86.Build.0 = Release|Any CPU
		{59D85471-59B5-470B-AD37-A22DE880CEE1}.Debug|Any CPU.ActiveCfg = Debug|Any CPU
		{59D85471-59B5-470B-AD37-A22DE880CEE1}.Debug|Any CPU.Build.0 = Debug|Any CPU
		{59D85471-59B5-470B-AD37-A22DE880CEE1}.Debug|x64.ActiveCfg = Debug|Any CPU
		{59D85471-59B5-470B-AD37-A22DE880CEE1}.Debug|x64.Build.0 = Debug|Any CPU
		{59D85471-59B5-470B-AD37-A22DE880CEE1}.Debug|x86.ActiveCfg = Debug|Any CPU
		{59D85471-59B5-470B-AD37-A22DE880CEE1}.Debug|x86.Build.0 = Debug|Any CPU
		{59D85471-59B5-470B-AD37-A22DE880CEE1}.Release|Any CPU.ActiveCfg = Release|Any CPU
		{59D85471-59B5-470B-AD37-A22DE880CEE1}.Release|Any CPU.Build.0 = Release|Any CPU
		{59D85471-59B5-470B-AD37-A22DE880CEE1}.Release|x64.ActiveCfg = Release|Any CPU
		{59D85471-59B5-470B-AD37-A22DE880CEE1}.Release|x64.Build.0 = Release|Any CPU
		{59D85471-59B5-470B-AD37-A22DE880CEE1}.Release|x86.ActiveCfg = Release|Any CPU
		{59D85471-59B5-470B-AD37-A22DE880CEE1}.Release|x86.Build.0 = Release|Any CPU
		{30B8F057-139A-4370-9FF1-48F59E2E3B0C}.Debug|Any CPU.ActiveCfg = Debug|Any CPU
		{30B8F057-139A-4370-9FF1-48F59E2E3B0C}.Debug|Any CPU.Build.0 = Debug|Any CPU
		{30B8F057-139A-4370-9FF1-48F59E2E3B0C}.Debug|x64.ActiveCfg = Debug|Any CPU
		{30B8F057-139A-4370-9FF1-48F59E2E3B0C}.Debug|x64.Build.0 = Debug|Any CPU
		{30B8F057-139A-4370-9FF1-48F59E2E3B0C}.Debug|x86.ActiveCfg = Debug|Any CPU
		{30B8F057-139A-4370-9FF1-48F59E2E3B0C}.Debug|x86.Build.0 = Debug|Any CPU
		{30B8F057-139A-4370-9FF1-48F59E2E3B0C}.Release|Any CPU.ActiveCfg = Release|Any CPU
		{30B8F057-139A-4370-9FF1-48F59E2E3B0C}.Release|Any CPU.Build.0 = Release|Any CPU
		{30B8F057-139A-4370-9FF1-48F59E2E3B0C}.Release|x64.ActiveCfg = Release|Any CPU
		{30B8F057-139A-4370-9FF1-48F59E2E3B0C}.Release|x64.Build.0 = Release|Any CPU
		{30B8F057-139A-4370-9FF1-48F59E2E3B0C}.Release|x86.ActiveCfg = Release|Any CPU
		{30B8F057-139A-4370-9FF1-48F59E2E3B0C}.Release|x86.Build.0 = Release|Any CPU
	EndGlobalSection
	GlobalSection(SolutionProperties) = preSolution
		HideSolutionNode = FALSE
	EndGlobalSection
	GlobalSection(NestedProjects) = preSolution
		{2C89BE43-F391-4E65-911B-A3E1E59FCA94} = {4A65F74D-934A-493B-8EE7-C0BCB1EF0194}
		{D4E7A60A-3E8C-4776-81F3-E7B6B1D2EF24} = {A7D3C219-C75D-4FBC-B06A-1A47ECFF69BA}
		{59D85471-59B5-470B-AD37-A22DE880CEE1} = {A7D3C219-C75D-4FBC-B06A-1A47ECFF69BA}
		{30B8F057-139A-4370-9FF1-48F59E2E3B0C} = {4F7D60DD-31A5-4017-9DB3-C915A6FA3939}
	EndGlobalSection
	GlobalSection(ExtensibilityGlobals) = postSolution
		SolutionGuid = {F222D852-E226-488C-BFC5-5750D6C29278}
	EndGlobalSection
EndGlobal
